
Microsoft Visual Studio Solution File, Format Version 12.00
# Visual Studio Version 16
VisualStudioVersion = 16.0.31729.503
MinimumVisualStudioVersion = 10.0.40219.1
Project("{FAE04EC0-301F-11D3-BF4B-00C04F79EFBC}") = "Keyboard-Event", "Keyboard-Event\Keyboard-Event.csproj", "{21FFC1B2-8BF8-4819-A6D6-93F6E41DBA75}"
EndProject
Global
	GlobalSection(SolutionConfigurationPlatforms) = preSolution
		Debug|Any CPU = Debug|Any CPU
		Release|Any CPU = Release|Any CPU
	EndGlobalSection
	GlobalSection(ProjectConfigurationPlatforms) = postSolution
		{21FFC1B2-8BF8-4819-A6D6-93F6E41DBA75}.Debug|Any CPU.ActiveCfg = Debug|Any CPU
		{21FFC1B2-8BF8-4819-A6D6-93F6E41DBA75}.Debug|Any CPU.Build.0 = Debug|Any CPU
		{21FFC1B2-8BF8-4819-A6D6-93F6E41DBA75}.Release|Any CPU.ActiveCfg = Release|Any CPU
		{21FFC1B2-8BF8-4819-A6D6-93F6E41DBA75}.Release|Any CPU.Build.0 = Release|Any CPU
	EndGlobalSection
	GlobalSection(SolutionProperties) = preSolution
		HideSolutionNode = FALSE
	EndGlobalSection
	GlobalSection(ExtensibilityGlobals) = postSolution
		SolutionGuid = {911F91AA-67A2-4EC5-BB94-824A442CF385}
	EndGlobalSection
EndGlobal
