
Microsoft Visual Studio Solution File, Format Version 12.00
# Visual Studio Version 16
VisualStudioVersion = 16.0.31624.102
MinimumVisualStudioVersion = 10.0.40219.1
Project("{FAE04EC0-301F-11D3-BF4B-00C04F79EFBC}") = "Labels, Textboxes and buttons", "Labels, Textboxes and buttons\Labels, Textboxes and buttons.csproj", "{5DF816F3-4A78-4ABD-B478-322E55459BC9}"
EndProject
Global
	GlobalSection(SolutionConfigurationPlatforms) = preSolution
		Debug|Any CPU = Debug|Any CPU
		Release|Any CPU = Release|Any CPU
	EndGlobalSection
	GlobalSection(ProjectConfigurationPlatforms) = postSolution
		{5DF816F3-4A78-4ABD-B478-322E55459BC9}.Debug|Any CPU.ActiveCfg = Debug|Any CPU
		{5DF816F3-4A78-4ABD-B478-322E55459BC9}.Debug|Any CPU.Build.0 = Debug|Any CPU
		{5DF816F3-4A78-4ABD-B478-322E55459BC9}.Release|Any CPU.ActiveCfg = Release|Any CPU
		{5DF816F3-4A78-4ABD-B478-322E55459BC9}.Release|Any CPU.Build.0 = Release|Any CPU
	EndGlobalSection
	GlobalSection(SolutionProperties) = preSolution
		HideSolutionNode = FALSE
	EndGlobalSection
	GlobalSection(ExtensibilityGlobals) = postSolution
		SolutionGuid = {8976FAB0-7E6C-4431-80E7-5EE7903247F1}
	EndGlobalSection
EndGlobal
