
Microsoft Visual Studio Solution File, Format Version 12.00
# Visual Studio Version 16
VisualStudioVersion = 16.0.31624.102
MinimumVisualStudioVersion = 10.0.40219.1
Project("{FAE04EC0-301F-11D3-BF4B-00C04F79EFBC}") = "Hello World", "Hello World\Hello World.csproj", "{BAA4527C-9942-4BF8-A8AB-87E950B9CAA4}"
EndProject
Global
	GlobalSection(SolutionConfigurationPlatforms) = preSolution
		Debug|Any CPU = Debug|Any CPU
		Release|Any CPU = Release|Any CPU
	EndGlobalSection
	GlobalSection(ProjectConfigurationPlatforms) = postSolution
		{BAA4527C-9942-4BF8-A8AB-87E950B9CAA4}.Debug|Any CPU.ActiveCfg = Debug|Any CPU
		{BAA4527C-9942-4BF8-A8AB-87E950B9CAA4}.Debug|Any CPU.Build.0 = Debug|Any CPU
		{BAA4527C-9942-4BF8-A8AB-87E950B9CAA4}.Release|Any CPU.ActiveCfg = Release|Any CPU
		{BAA4527C-9942-4BF8-A8AB-87E950B9CAA4}.Release|Any CPU.Build.0 = Release|Any CPU
	EndGlobalSection
	GlobalSection(SolutionProperties) = preSolution
		HideSolutionNode = FALSE
	EndGlobalSection
	GlobalSection(ExtensibilityGlobals) = postSolution
		SolutionGuid = {70038CA3-B5B0-4797-87EA-54905B19A880}
	EndGlobalSection
EndGlobal
