
Microsoft Visual Studio Solution File, Format Version 12.00
# Visual Studio Version 16
VisualStudioVersion = 16.0.31624.102
MinimumVisualStudioVersion = 10.0.40219.1
Project("{FAE04EC0-301F-11D3-BF4B-00C04F79EFBC}") = "Person-Inheritance-Hierarchy", "Person-Inheritance-Hierarchy\Person-Inheritance-Hierarchy.csproj", "{9F30D58C-0A16-4AB5-AE6F-501857642C7B}"
EndProject
Global
	GlobalSection(SolutionConfigurationPlatforms) = preSolution
		Debug|Any CPU = Debug|Any CPU
		Release|Any CPU = Release|Any CPU
	EndGlobalSection
	GlobalSection(ProjectConfigurationPlatforms) = postSolution
		{9F30D58C-0A16-4AB5-AE6F-501857642C7B}.Debug|Any CPU.ActiveCfg = Debug|Any CPU
		{9F30D58C-0A16-4AB5-AE6F-501857642C7B}.Debug|Any CPU.Build.0 = Debug|Any CPU
		{9F30D58C-0A16-4AB5-AE6F-501857642C7B}.Release|Any CPU.ActiveCfg = Release|Any CPU
		{9F30D58C-0A16-4AB5-AE6F-501857642C7B}.Release|Any CPU.Build.0 = Release|Any CPU
	EndGlobalSection
	GlobalSection(SolutionProperties) = preSolution
		HideSolutionNode = FALSE
	EndGlobalSection
	GlobalSection(ExtensibilityGlobals) = postSolution
		SolutionGuid = {C01BA5A0-8DBC-4FDE-A308-3BAFCEB9BFA4}
	EndGlobalSection
EndGlobal
